<Solution>
  <Project Path="src/MainApp/CrowsNestMqtt.App.csproj" />
  <Project Path="src/BusinessLogic/BusinessLogic.csproj" />
  <Project Path="src/UI/UI.csproj" />
  <Project Path="src/Utils/Utils.csproj" />
  <Folder Name="/tools/">
    <Project Path="tools/TestDataSender/TestDataSender.csproj" />
  </Folder>
  <Project Path="src/AppHost/AppHost.csproj" />
  <Project Path="tools/MockAzureEventGridBroker/MockAzureEventGridBroker.csproj" />
  <Project Path="tests/UnitTests/UnitTests.csproj" />
  <Project Path="tests/integration/Integration.Tests.csproj" />
  <Project Path="tests/AppHost.Tests/AppHost.Tests.csproj" />
  <Project Path="tests/MockBroker.Tests/MockBroker.Tests.csproj" />
</Solution>